
Microsoft Visual Studio Solution File, Format Version 12.00
# Visual Studio 2013
VisualStudioVersion = 12.0.21005.1
MinimumVisualStudioVersion = 10.0.40219.1
Project("{2150E333-8FDC-42A3-9474-1A3956D46DE8}") = "build", "build", "{EC5EC14A-D20B-44B6-A595-7FC8AB0F47DD}"
	ProjectSection(SolutionItems) = preProject
		..\nuget.config = ..\nuget.config
		..\packages.config = ..\packages.config
		..\settings.props = ..\settings.props
		..\test.vbnet.msbuild = ..\test.vbnet.msbuild
		..\version.xml = ..\version.xml
	EndProjectSection
EndProject
Project("{F184B08F-C81C-45F6-A57F-5ABD9991F28F}") = "nBuildKit.Test.VbNet.Console", "nBuildKit.Test.VbNet.Console\nBuildKit.Test.VbNet.Console.vbproj", "{83A9C657-9F1C-445F-8782-B469949AE1A8}"
EndProject
Project("{F184B08F-C81C-45F6-A57F-5ABD9991F28F}") = "nBuildKit.Test.VbNet.Library", "nBuildKit.Test.VbNet.Library\nBuildKit.Test.VbNet.Library.vbproj", "{D9A90369-E511-436F-A975-321560EB3A61}"
EndProject
Project("{F184B08F-C81C-45F6-A57F-5ABD9991F28F}") = "nBuildKit.Test.VbNet.Wpf", "nBuildKit.Test.VbNet.Wpf\nBuildKit.Test.VbNet.Wpf.vbproj", "{F1660FD6-B63E-4A75-8CCA-A78F534D48D2}"
EndProject
Project("{F184B08F-C81C-45F6-A57F-5ABD9991F28F}") = "Test.Unit.Library", "Test.Unit.Library\Test.Unit.Library.vbproj", "{49DE507E-9C9B-483A-B9F8-FCABC9FEC153}"
EndProject
Global
	GlobalSection(SolutionConfigurationPlatforms) = preSolution
		Debug|Any CPU = Debug|Any CPU
		Release|Any CPU = Release|Any CPU
	EndGlobalSection
	GlobalSection(ProjectConfigurationPlatforms) = postSolution
		{83A9C657-9F1C-445F-8782-B469949AE1A8}.Debug|Any CPU.ActiveCfg = Debug|Any CPU
		{83A9C657-9F1C-445F-8782-B469949AE1A8}.Debug|Any CPU.Build.0 = Debug|Any CPU
		{83A9C657-9F1C-445F-8782-B469949AE1A8}.Release|Any CPU.ActiveCfg = Release|Any CPU
		{83A9C657-9F1C-445F-8782-B469949AE1A8}.Release|Any CPU.Build.0 = Release|Any CPU
		{D9A90369-E511-436F-A975-321560EB3A61}.Debug|Any CPU.ActiveCfg = Debug|Any CPU
		{D9A90369-E511-436F-A975-321560EB3A61}.Debug|Any CPU.Build.0 = Debug|Any CPU
		{D9A90369-E511-436F-A975-321560EB3A61}.Release|Any CPU.ActiveCfg = Release|Any CPU
		{D9A90369-E511-436F-A975-321560EB3A61}.Release|Any CPU.Build.0 = Release|Any CPU
		{F1660FD6-B63E-4A75-8CCA-A78F534D48D2}.Debug|Any CPU.ActiveCfg = Debug|Any CPU
		{F1660FD6-B63E-4A75-8CCA-A78F534D48D2}.Debug|Any CPU.Build.0 = Debug|Any CPU
		{F1660FD6-B63E-4A75-8CCA-A78F534D48D2}.Release|Any CPU.ActiveCfg = Release|Any CPU
		{F1660FD6-B63E-4A75-8CCA-A78F534D48D2}.Release|Any CPU.Build.0 = Release|Any CPU
		{49DE507E-9C9B-483A-B9F8-FCABC9FEC153}.Debug|Any CPU.ActiveCfg = Debug|Any CPU
		{49DE507E-9C9B-483A-B9F8-FCABC9FEC153}.Debug|Any CPU.Build.0 = Debug|Any CPU
		{49DE507E-9C9B-483A-B9F8-FCABC9FEC153}.Release|Any CPU.ActiveCfg = Release|Any CPU
		{49DE507E-9C9B-483A-B9F8-FCABC9FEC153}.Release|Any CPU.Build.0 = Release|Any CPU
	EndGlobalSection
	GlobalSection(SolutionProperties) = preSolution
		HideSolutionNode = FALSE
	EndGlobalSection
EndGlobal
