
Microsoft Visual Studio Solution File, Format Version 12.00
# Visual Studio 15
VisualStudioVersion = 15.0.28307.572
MinimumVisualStudioVersion = 10.0.40219.1
Project("{FAE04EC0-301F-11D3-BF4B-00C04F79EFBC}") = "CSharpLibrary", "CSharpLibrary\CSharpLibrary.csproj", "{53F2B1A1-4D83-4CBF-9FE3-71ACCA1907B1}"
EndProject
Project("{F184B08F-C81C-45F6-A57F-5ABD9991F28F}") = "VBNetLibrary", "VBNetLibrary\VBNetLibrary.vbproj", "{86343AEB-1964-4FB6-90E4-C15C80F1FE75}"
EndProject
Global
	GlobalSection(SolutionConfigurationPlatforms) = preSolution
		Debug|Any CPU = Debug|Any CPU
		Release|Any CPU = Release|Any CPU
	EndGlobalSection
	GlobalSection(ProjectConfigurationPlatforms) = postSolution
		{53F2B1A1-4D83-4CBF-9FE3-71ACCA1907B1}.Debug|Any CPU.ActiveCfg = Debug|Any CPU
		{53F2B1A1-4D83-4CBF-9FE3-71ACCA1907B1}.Debug|Any CPU.Build.0 = Debug|Any CPU
		{53F2B1A1-4D83-4CBF-9FE3-71ACCA1907B1}.Release|Any CPU.ActiveCfg = Release|Any CPU
		{53F2B1A1-4D83-4CBF-9FE3-71ACCA1907B1}.Release|Any CPU.Build.0 = Release|Any CPU
		{86343AEB-1964-4FB6-90E4-C15C80F1FE75}.Debug|Any CPU.ActiveCfg = Debug|Any CPU
		{86343AEB-1964-4FB6-90E4-C15C80F1FE75}.Debug|Any CPU.Build.0 = Debug|Any CPU
		{86343AEB-1964-4FB6-90E4-C15C80F1FE75}.Release|Any CPU.ActiveCfg = Release|Any CPU
		{86343AEB-1964-4FB6-90E4-C15C80F1FE75}.Release|Any CPU.Build.0 = Release|Any CPU
	EndGlobalSection
	GlobalSection(SolutionProperties) = preSolution
		HideSolutionNode = FALSE
	EndGlobalSection
	GlobalSection(ExtensibilityGlobals) = postSolution
		SolutionGuid = {67528D73-EF43-4CBC-885F-FBEDB3EB422A}
	EndGlobalSection
EndGlobal
