
Microsoft Visual Studio Solution File, Format Version 12.00
# Visual Studio 15
VisualStudioVersion = 15.0.28307.572
MinimumVisualStudioVersion = 10.0.40219.1
Project("{FAE04EC0-301F-11D3-BF4B-00C04F79EFBC}") = "CSharpLibrary", "CSharpLibrary\CSharpLibrary.csproj", "{B387F7FE-BF8D-4B49-BAB6-2F760B862D3B}"
EndProject
Project("{F184B08F-C81C-45F6-A57F-5ABD9991F28F}") = "VBNetLibrary", "VBNetLibrary\VBNetLibrary.vbproj", "{A08F340C-01BB-4D53-BFFC-93B5BF7FAEBB}"
EndProject
Global
	GlobalSection(SolutionConfigurationPlatforms) = preSolution
		Debug|Any CPU = Debug|Any CPU
		Release|Any CPU = Release|Any CPU
	EndGlobalSection
	GlobalSection(ProjectConfigurationPlatforms) = postSolution
		{B387F7FE-BF8D-4B49-BAB6-2F760B862D3B}.Debug|Any CPU.ActiveCfg = Debug|Any CPU
		{B387F7FE-BF8D-4B49-BAB6-2F760B862D3B}.Debug|Any CPU.Build.0 = Debug|Any CPU
		{B387F7FE-BF8D-4B49-BAB6-2F760B862D3B}.Release|Any CPU.ActiveCfg = Release|Any CPU
		{B387F7FE-BF8D-4B49-BAB6-2F760B862D3B}.Release|Any CPU.Build.0 = Release|Any CPU
		{A08F340C-01BB-4D53-BFFC-93B5BF7FAEBB}.Debug|Any CPU.ActiveCfg = Debug|Any CPU
		{A08F340C-01BB-4D53-BFFC-93B5BF7FAEBB}.Debug|Any CPU.Build.0 = Debug|Any CPU
		{A08F340C-01BB-4D53-BFFC-93B5BF7FAEBB}.Release|Any CPU.ActiveCfg = Release|Any CPU
		{A08F340C-01BB-4D53-BFFC-93B5BF7FAEBB}.Release|Any CPU.Build.0 = Release|Any CPU
	EndGlobalSection
	GlobalSection(SolutionProperties) = preSolution
		HideSolutionNode = FALSE
	EndGlobalSection
	GlobalSection(ExtensibilityGlobals) = postSolution
		SolutionGuid = {9D592A1B-1FEB-46FD-B1ED-682B407CBABF}
	EndGlobalSection
EndGlobal
