
Microsoft Visual Studio Solution File, Format Version 12.00
# Visual Studio 14
VisualStudioVersion = 14.0.25420.1
MinimumVisualStudioVersion = 10.0.40219.1
Project("{FAE04EC0-301F-11D3-BF4B-00C04F79EFBC}") = "nBuildKit.MsBuild.Tasks", "nBuildKit.MsBuild.Tasks\nBuildKit.MsBuild.Tasks.csproj", "{8450F57F-6333-4AD6-8833-1048CA754C4B}"
EndProject
Project("{FAE04EC0-301F-11D3-BF4B-00C04F79EFBC}") = "Test.Unit.MsBuild.Tasks", "Test.Unit.MsBuild.Tasks\Test.Unit.MsBuild.Tasks.csproj", "{F44AF0AD-E4BC-4065-884F-566C89239A41}"
EndProject
Project("{2150E333-8FDC-42A3-9474-1A3956D46DE8}") = "build", "build", "{C905E00D-2436-420B-BCD1-4B8623AE7FDA}"
	ProjectSection(SolutionItems) = preProject
		base.props = base.props
	EndProjectSection
EndProject
Project("{2150E333-8FDC-42A3-9474-1A3956D46DE8}") = "analysis", "analysis", "{F39C3B06-948F-46DE-999C-260552EF65F2}"
	ProjectSection(SolutionItems) = preProject
		CustomDictionary.xml = CustomDictionary.xml
		default.ruleset = default.ruleset
		stylecop.json = stylecop.json
		test.ruleset = test.ruleset
	EndProjectSection
EndProject
Project("{FAE04EC0-301F-11D3-BF4B-00C04F79EFBC}") = "nBuildKit.MsBuild.Tasks.Core", "nBuildKit.MsBuild.Tasks.Core\nBuildKit.MsBuild.Tasks.Core.csproj", "{419A1A8E-F3CC-4CE1-9294-6B7FBB7EE96D}"
EndProject
Project("{FAE04EC0-301F-11D3-BF4B-00C04F79EFBC}") = "nBuildKit.MsBuild.Tasks.Tests", "nBuildKit.MsBuild.Tasks.Tests\nBuildKit.MsBuild.Tasks.Tests.csproj", "{86531F8E-F635-40D4-BD7B-335594DED577}"
EndProject
Project("{FAE04EC0-301F-11D3-BF4B-00C04F79EFBC}") = "Test.Unit.MsBuild.Tasks.Core", "Test.Unit.MsBuild.Tasks.Core\Test.Unit.MsBuild.Tasks.Core.csproj", "{0C5E4BE0-F700-4515-894D-E4850835C920}"
EndProject
Global
	GlobalSection(SolutionConfigurationPlatforms) = preSolution
		Debug|Any CPU = Debug|Any CPU
		Deploy|Any CPU = Deploy|Any CPU
		Release|Any CPU = Release|Any CPU
	EndGlobalSection
	GlobalSection(ProjectConfigurationPlatforms) = postSolution
		{8450F57F-6333-4AD6-8833-1048CA754C4B}.Debug|Any CPU.ActiveCfg = Debug|Any CPU
		{8450F57F-6333-4AD6-8833-1048CA754C4B}.Debug|Any CPU.Build.0 = Debug|Any CPU
		{8450F57F-6333-4AD6-8833-1048CA754C4B}.Deploy|Any CPU.ActiveCfg = Deploy|Any CPU
		{8450F57F-6333-4AD6-8833-1048CA754C4B}.Deploy|Any CPU.Build.0 = Deploy|Any CPU
		{8450F57F-6333-4AD6-8833-1048CA754C4B}.Release|Any CPU.ActiveCfg = Release|Any CPU
		{8450F57F-6333-4AD6-8833-1048CA754C4B}.Release|Any CPU.Build.0 = Release|Any CPU
		{F44AF0AD-E4BC-4065-884F-566C89239A41}.Debug|Any CPU.ActiveCfg = Debug|Any CPU
		{F44AF0AD-E4BC-4065-884F-566C89239A41}.Debug|Any CPU.Build.0 = Debug|Any CPU
		{F44AF0AD-E4BC-4065-884F-566C89239A41}.Deploy|Any CPU.ActiveCfg = Deploy|Any CPU
		{F44AF0AD-E4BC-4065-884F-566C89239A41}.Release|Any CPU.ActiveCfg = Release|Any CPU
		{F44AF0AD-E4BC-4065-884F-566C89239A41}.Release|Any CPU.Build.0 = Release|Any CPU
		{419A1A8E-F3CC-4CE1-9294-6B7FBB7EE96D}.Debug|Any CPU.ActiveCfg = Debug|Any CPU
		{419A1A8E-F3CC-4CE1-9294-6B7FBB7EE96D}.Debug|Any CPU.Build.0 = Debug|Any CPU
		{419A1A8E-F3CC-4CE1-9294-6B7FBB7EE96D}.Deploy|Any CPU.ActiveCfg = Deploy|Any CPU
		{419A1A8E-F3CC-4CE1-9294-6B7FBB7EE96D}.Deploy|Any CPU.Build.0 = Deploy|Any CPU
		{419A1A8E-F3CC-4CE1-9294-6B7FBB7EE96D}.Release|Any CPU.ActiveCfg = Release|Any CPU
		{419A1A8E-F3CC-4CE1-9294-6B7FBB7EE96D}.Release|Any CPU.Build.0 = Release|Any CPU
		{86531F8E-F635-40D4-BD7B-335594DED577}.Debug|Any CPU.ActiveCfg = Debug|Any CPU
		{86531F8E-F635-40D4-BD7B-335594DED577}.Debug|Any CPU.Build.0 = Debug|Any CPU
		{86531F8E-F635-40D4-BD7B-335594DED577}.Deploy|Any CPU.ActiveCfg = Deploy|Any CPU
		{86531F8E-F635-40D4-BD7B-335594DED577}.Deploy|Any CPU.Build.0 = Deploy|Any CPU
		{86531F8E-F635-40D4-BD7B-335594DED577}.Release|Any CPU.ActiveCfg = Release|Any CPU
		{86531F8E-F635-40D4-BD7B-335594DED577}.Release|Any CPU.Build.0 = Release|Any CPU
		{0C5E4BE0-F700-4515-894D-E4850835C920}.Debug|Any CPU.ActiveCfg = Debug|Any CPU
		{0C5E4BE0-F700-4515-894D-E4850835C920}.Debug|Any CPU.Build.0 = Debug|Any CPU
		{0C5E4BE0-F700-4515-894D-E4850835C920}.Deploy|Any CPU.ActiveCfg = Debug|Any CPU
		{0C5E4BE0-F700-4515-894D-E4850835C920}.Deploy|Any CPU.Build.0 = Debug|Any CPU
		{0C5E4BE0-F700-4515-894D-E4850835C920}.Release|Any CPU.ActiveCfg = Release|Any CPU
		{0C5E4BE0-F700-4515-894D-E4850835C920}.Release|Any CPU.Build.0 = Release|Any CPU
	EndGlobalSection
	GlobalSection(SolutionProperties) = preSolution
		HideSolutionNode = FALSE
	EndGlobalSection
EndGlobal
