
Microsoft Visual Studio Solution File, Format Version 12.00
# Visual Studio 14
VisualStudioVersion = 14.0.25420.1
MinimumVisualStudioVersion = 10.0.40219.1
Project("{FAE04EC0-301F-11D3-BF4B-00C04F79EFBC}") = "nBuildKit.MsBuild.Tasks", "nBuildKit.MsBuild.Tasks\nBuildKit.MsBuild.Tasks.csproj", "{8450F57F-6333-4AD6-8833-1048CA754C4B}"
EndProject
Project("{FAE04EC0-301F-11D3-BF4B-00C04F79EFBC}") = "Test.Unit.MsBuild.Tasks", "Test.Unit.MsBuild.Tasks\Test.Unit.MsBuild.Tasks.csproj", "{F44AF0AD-E4BC-4065-884F-566C89239A41}"
EndProject
Global
	GlobalSection(SolutionConfigurationPlatforms) = preSolution
		Debug|Any CPU = Debug|Any CPU
		Release|Any CPU = Release|Any CPU
	EndGlobalSection
	GlobalSection(ProjectConfigurationPlatforms) = postSolution
		{8450F57F-6333-4AD6-8833-1048CA754C4B}.Debug|Any CPU.ActiveCfg = Debug|Any CPU
		{8450F57F-6333-4AD6-8833-1048CA754C4B}.Debug|Any CPU.Build.0 = Debug|Any CPU
		{8450F57F-6333-4AD6-8833-1048CA754C4B}.Release|Any CPU.ActiveCfg = Release|Any CPU
		{8450F57F-6333-4AD6-8833-1048CA754C4B}.Release|Any CPU.Build.0 = Release|Any CPU
		{F44AF0AD-E4BC-4065-884F-566C89239A41}.Debug|Any CPU.ActiveCfg = Debug|Any CPU
		{F44AF0AD-E4BC-4065-884F-566C89239A41}.Debug|Any CPU.Build.0 = Debug|Any CPU
		{F44AF0AD-E4BC-4065-884F-566C89239A41}.Release|Any CPU.ActiveCfg = Release|Any CPU
		{F44AF0AD-E4BC-4065-884F-566C89239A41}.Release|Any CPU.Build.0 = Release|Any CPU
	EndGlobalSection
	GlobalSection(SolutionProperties) = preSolution
		HideSolutionNode = FALSE
	EndGlobalSection
EndGlobal
