
Microsoft Visual Studio Solution File, Format Version 12.00
# Visual Studio 2013
VisualStudioVersion = 12.0.21005.1
MinimumVisualStudioVersion = 10.0.40219.1
Project("{FAE04EC0-301F-11D3-BF4B-00C04F79EFBC}") = "nBuildKit.Test.CSharp.Console", "nBuildKit.Test.CSharp.Console\nBuildKit.Test.CSharp.Console.csproj", "{DD38DEEE-0D8E-4A1E-886E-B81E3E60510A}"
EndProject
Project("{FAE04EC0-301F-11D3-BF4B-00C04F79EFBC}") = "nBuildKit.Test.CSharp.Library", "nBuildKit.Test.CSharp.Library\nBuildKit.Test.CSharp.Library.csproj", "{5D01950E-48F1-4BEA-9AFA-CD2F3D2EE711}"
EndProject
Project("{FAE04EC0-301F-11D3-BF4B-00C04F79EFBC}") = "nBuildKit.Test.CSharp.Wpf", "nBuildKit.Test.CSharp.Wpf\nBuildKit.Test.CSharp.Wpf.csproj", "{6F41F8D2-6418-4707-8270-CF23BA1071FC}"
EndProject
Project("{FAE04EC0-301F-11D3-BF4B-00C04F79EFBC}") = "Test.Unit.Library", "Test.Unit.Library\Test.Unit.Library.csproj", "{52D29FA4-CE5E-4460-BFBF-E3011D189745}"
EndProject
Project("{2150E333-8FDC-42A3-9474-1A3956D46DE8}") = "build", "build", "{7A06AB0C-B881-4900-A93D-84106AF40F4C}"
	ProjectSection(SolutionItems) = preProject
		..\nuget.config = ..\nuget.config
		..\packages.config = ..\packages.config
		..\settings.props = ..\settings.props
		..\test.csharp.msbuild = ..\test.csharp.msbuild
		..\version.xml = ..\version.xml
	EndProjectSection
EndProject
Global
	GlobalSection(SolutionConfigurationPlatforms) = preSolution
		Debug|Any CPU = Debug|Any CPU
		Release|Any CPU = Release|Any CPU
	EndGlobalSection
	GlobalSection(ProjectConfigurationPlatforms) = postSolution
		{DD38DEEE-0D8E-4A1E-886E-B81E3E60510A}.Debug|Any CPU.ActiveCfg = Debug|Any CPU
		{DD38DEEE-0D8E-4A1E-886E-B81E3E60510A}.Debug|Any CPU.Build.0 = Debug|Any CPU
		{DD38DEEE-0D8E-4A1E-886E-B81E3E60510A}.Release|Any CPU.ActiveCfg = Release|Any CPU
		{DD38DEEE-0D8E-4A1E-886E-B81E3E60510A}.Release|Any CPU.Build.0 = Release|Any CPU
		{5D01950E-48F1-4BEA-9AFA-CD2F3D2EE711}.Debug|Any CPU.ActiveCfg = Debug|Any CPU
		{5D01950E-48F1-4BEA-9AFA-CD2F3D2EE711}.Debug|Any CPU.Build.0 = Debug|Any CPU
		{5D01950E-48F1-4BEA-9AFA-CD2F3D2EE711}.Release|Any CPU.ActiveCfg = Release|Any CPU
		{5D01950E-48F1-4BEA-9AFA-CD2F3D2EE711}.Release|Any CPU.Build.0 = Release|Any CPU
		{6F41F8D2-6418-4707-8270-CF23BA1071FC}.Debug|Any CPU.ActiveCfg = Debug|Any CPU
		{6F41F8D2-6418-4707-8270-CF23BA1071FC}.Debug|Any CPU.Build.0 = Debug|Any CPU
		{6F41F8D2-6418-4707-8270-CF23BA1071FC}.Release|Any CPU.ActiveCfg = Release|Any CPU
		{6F41F8D2-6418-4707-8270-CF23BA1071FC}.Release|Any CPU.Build.0 = Release|Any CPU
		{52D29FA4-CE5E-4460-BFBF-E3011D189745}.Debug|Any CPU.ActiveCfg = Debug|Any CPU
		{52D29FA4-CE5E-4460-BFBF-E3011D189745}.Debug|Any CPU.Build.0 = Debug|Any CPU
		{52D29FA4-CE5E-4460-BFBF-E3011D189745}.Release|Any CPU.ActiveCfg = Release|Any CPU
		{52D29FA4-CE5E-4460-BFBF-E3011D189745}.Release|Any CPU.Build.0 = Release|Any CPU
	EndGlobalSection
	GlobalSection(SolutionProperties) = preSolution
		HideSolutionNode = FALSE
	EndGlobalSection
EndGlobal
